// !$*UTF8*$!
{
	archiveVersion = 1;
	classes = {
	};
	objectVersion = 48;
	objects = {

/* Begin PBXBuildFile section */
		DAB27F9F20DA5A4B006A4866 /* simpleTxtMain.c in Sources */ = {isa = PBXBuildFile; fileRef = DAB27F9E20DA5A4B006A4866 /* simpleTxtMain.c */; };
/* End PBXBuildFile section */

/* Begin PBXCopyFilesBuildPhase section */
		DAB27F9920DA5A4B006A4866 /* CopyFiles */ = {
			isa = PBXCopyFilesBuildPhase;
			buildActionMask = 2147483647;
			dstPath = /usr/share/man/man1/;
			dstSubfolderSpec = 0;
			files = (
			);
			runOnlyForDeploymentPostprocessing = 1;
		};
/* End PBXCopyFilesBuildPhase section */

/* Begin PBXFileReference section */
		DAB27F9B20DA5A4B006A4866 /* SimpleTxtGame01 */ = {isa = PBXFileReference; explicitFileType = "compiled.mach-o.executable"; includeInIndex = 0; path = SimpleTxtGame01; sourceTree = BUILT_PRODUCTS_DIR; };
		DAB27F9E20DA5A4B006A4866 /* simpleTxtMain.c */ = {isa = PBXFileReference; lastKnownFileType = sourcecode.c.c; path = simpleTxtMain.c; sourceTree = "<group>"; };
		DAB27FA620DB2E11006A4866 /* simpleTxtMain.h */ = {isa = PBXFileReference; lastKnownFileType = sourcecode.c.h; path = simpleTxtMain.h; sourceTree = "<group>"; };
		DAB27FAE20DB4D2F006A4866 /* intro.txt */ = {isa = PBXFileReference; lastKnownFileType = text; name = intro.txt; path = "../../../../../Library/Developer/Xcode/DerivedData/SimpleTxtGame01-anghjpujyyrbrocbqcjmrugvyvlf/Build/Products/Debug/intro.txt"; sourceTree = "<group>"; };
		DAB27FAF20DB4D2F006A4866 /* charCreation.txt */ = {isa = PBXFileReference; lastKnownFileType = text; name = charCreation.txt; path = "../../../../../Library/Developer/Xcode/DerivedData/SimpleTxtGame01-anghjpujyyrbrocbqcjmrugvyvlf/Build/Products/Debug/charCreation.txt"; sourceTree = "<group>"; };
		DABC849820DD10D200ACA205 /* instructions.txt */ = {isa = PBXFileReference; lastKnownFileType = text; name = instructions.txt; path = "../../../../../Library/Developer/Xcode/DerivedData/SimpleTxtGame01-anghjpujyyrbrocbqcjmrugvyvlf/Build/Products/Debug/instructions.txt"; sourceTree = "<group>"; };
		DABC849920DD13F700ACA205 /* map.txt */ = {isa = PBXFileReference; lastKnownFileType = text; name = map.txt; path = "../../../../../Library/Developer/Xcode/DerivedData/SimpleTxtGame01-anghjpujyyrbrocbqcjmrugvyvlf/Build/Products/Debug/map.txt"; sourceTree = "<group>"; };
/* End PBXFileReference section */

/* Begin PBXFrameworksBuildPhase section */
		DAB27F9820DA5A4B006A4866 /* Frameworks */ = {
			isa = PBXFrameworksBuildPhase;
			buildActionMask = 2147483647;
			files = (
			);
			runOnlyForDeploymentPostprocessing = 0;
		};
/* End PBXFrameworksBuildPhase section */

/* Begin PBXGroup section */
		DAB27F9220DA5A4B006A4866 = {
			isa = PBXGroup;
			children = (
				DAB27F9D20DA5A4B006A4866 /* SimpleTxtGame01 */,
				DAB27F9C20DA5A4B006A4866 /* Products */,
			);
			sourceTree = "<group>";
		};
		DAB27F9C20DA5A4B006A4866 /* Products */ = {
			isa = PBXGroup;
			children = (
				DAB27F9B20DA5A4B006A4866 /* SimpleTxtGame01 */,
			);
			name = Products;
			sourceTree = "<group>";
		};
		DAB27F9D20DA5A4B006A4866 /* SimpleTxtGame01 */ = {
			isa = PBXGroup;
			children = (
				DAB27FAD20DB4D14006A4866 /* Story */,
				DAB27FA720DB34A1006A4866 /* Main */,
			);
			path = SimpleTxtGame01;
			sourceTree = "<group>";
		};
		DAB27FA720DB34A1006A4866 /* Main */ = {
			isa = PBXGroup;
			children = (
				DAB27FA620DB2E11006A4866 /* simpleTxtMain.h */,
				DAB27F9E20DA5A4B006A4866 /* simpleTxtMain.c */,
			);
			path = Main;
			sourceTree = "<group>";
		};
		DAB27FAD20DB4D14006A4866 /* Story */ = {
			isa = PBXGroup;
			children = (
				DAB27FAF20DB4D2F006A4866 /* charCreation.txt */,
				DAB27FAE20DB4D2F006A4866 /* intro.txt */,
				DABC849820DD10D200ACA205 /* instructions.txt */,
				DABC849920DD13F700ACA205 /* map.txt */,
			);
			path = Story;
			sourceTree = "<group>";
		};
/* End PBXGroup section */

/* Begin PBXNativeTarget section */
		DAB27F9A20DA5A4B006A4866 /* SimpleTxtGame01 */ = {
			isa = PBXNativeTarget;
			buildConfigurationList = DAB27FA220DA5A4B006A4866 /* Build configuration list for PBXNativeTarget "SimpleTxtGame01" */;
			buildPhases = (
				DAB27F9720DA5A4B006A4866 /* Sources */,
				DAB27F9820DA5A4B006A4866 /* Frameworks */,
				DAB27F9920DA5A4B006A4866 /* CopyFiles */,
			);
			buildRules = (
			);
			dependencies = (
			);
			name = SimpleTxtGame01;
			productName = SimpleTxtGame01;
			productReference = DAB27F9B20DA5A4B006A4866 /* SimpleTxtGame01 */;
			productType = "com.apple.product-type.tool";
		};
/* End PBXNativeTarget section */

/* Begin PBXProject section */
		DAB27F9320DA5A4B006A4866 /* Project object */ = {
			isa = PBXProject;
			attributes = {
				LastUpgradeCheck = 0920;
				ORGANIZATIONNAME = FLAMEL;
				TargetAttributes = {
					DAB27F9A20DA5A4B006A4866 = {
						CreatedOnToolsVersion = 9.2;
						ProvisioningStyle = Automatic;
					};
				};
			};
			buildConfigurationList = DAB27F9620DA5A4B006A4866 /* Build configuration list for PBXProject "SimpleTxtGame01" */;
			compatibilityVersion = "Xcode 8.0";
			developmentRegion = en;
			hasScannedForEncodings = 0;
			knownRegions = (
				en,
			);
			mainGroup = DAB27F9220DA5A4B006A4866;
			productRefGroup = DAB27F9C20DA5A4B006A4866 /* Products */;
			projectDirPath = "";
			projectRoot = "";
			targets = (
				DAB27F9A20DA5A4B006A4866 /* SimpleTxtGame01 */,
			);
		};
/* End PBXProject section */

/* Begin PBXSourcesBuildPhase section */
		DAB27F9720DA5A4B006A4866 /* Sources */ = {
			isa = PBXSourcesBuildPhase;
			buildActionMask = 2147483647;
			files = (
				DAB27F9F20DA5A4B006A4866 /* simpleTxtMain.c in Sources */,
			);
			runOnlyForDeploymentPostprocessing = 0;
		};
/* End PBXSourcesBuildPhase section */

/* Begin XCBuildConfiguration section */
		DAB27FA020DA5A4B006A4866 /* Debug */ = {
			isa = XCBuildConfiguration;
			buildSettings = {
				ALWAYS_SEARCH_USER_PATHS = NO;
				CLANG_ANALYZER_NONNULL = YES;
				CLANG_ANALYZER_NUMBER_OBJECT_CONVERSION = YES_AGGRESSIVE;
				CLANG_CXX_LANGUAGE_STANDARD = "gnu++14";
				CLANG_CXX_LIBRARY = "libc++";
				CLANG_ENABLE_MODULES = YES;
				CLANG_ENABLE_OBJC_ARC = YES;
				CLANG_WARN_BLOCK_CAPTURE_AUTORELEASING = YES;
				CLANG_WARN_BOOL_CONVERSION = YES;
				CLANG_WARN_COMMA = YES;
				CLANG_WARN_CONSTANT_CONVERSION = YES;
				CLANG_WARN_DIRECT_OBJC_ISA_USAGE = YES_ERROR;
				CLANG_WARN_DOCUMENTATION_COMMENTS = YES;
				CLANG_WARN_EMPTY_BODY = YES;
				CLANG_WARN_ENUM_CONVERSION = YES;
				CLANG_WARN_INFINITE_RECURSION = YES;
				CLANG_WARN_INT_CONVERSION = YES;
				CLANG_WARN_NON_LITERAL_NULL_CONVERSION = YES;
				CLANG_WARN_OBJC_LITERAL_CONVERSION = YES;
				CLANG_WARN_OBJC_ROOT_CLASS = YES_ERROR;
				CLANG_WARN_RANGE_LOOP_ANALYSIS = YES;
				CLANG_WARN_STRICT_PROTOTYPES = YES;
				CLANG_WARN_SUSPICIOUS_MOVE = YES;
				CLANG_WARN_UNGUARDED_AVAILABILITY = YES_AGGRESSIVE;
				CLANG_WARN_UNREACHABLE_CODE = YES;
				CLANG_WARN__DUPLICATE_METHOD_MATCH = YES;
				CODE_SIGN_IDENTITY = "-";
				COPY_PHASE_STRIP = NO;
				DEBUG_INFORMATION_FORMAT = dwarf;
				ENABLE_STRICT_OBJC_MSGSEND = YES;
				ENABLE_TESTABILITY = YES;
				GCC_C_LANGUAGE_STANDARD = gnu11;
				GCC_DYNAMIC_NO_PIC = NO;
				GCC_NO_COMMON_BLOCKS = YES;
				GCC_OPTIMIZATION_LEVEL = 0;
				GCC_PREPROCESSOR_DEFINITIONS = (
					"DEBUG=1",
					"$(inherited)",
				);
				GCC_WARN_64_TO_32_BIT_CONVERSION = YES;
				GCC_WARN_ABOUT_RETURN_TYPE = YES_ERROR;
				GCC_WARN_UNDECLARED_SELECTOR = YES;
				GCC_WARN_UNINITIALIZED_AUTOS = YES_AGGRESSIVE;
				GCC_WARN_UNUSED_FUNCTION = YES;
				GCC_WARN_UNUSED_VARIABLE = YES;
				MACOSX_DEPLOYMENT_TARGET = 10.13;
				MTL_ENABLE_DEBUG_INFO = YES;
				ONLY_ACTIVE_ARCH = YES;
				SDKROOT = macosx;
			};
			name = Debug;
		};
		DAB27FA120DA5A4B006A4866 /* Release */ = {
			isa = XCBuildConfiguration;
			buildSettings = {
				ALWAYS_SEARCH_USER_PATHS = NO;
				CLANG_ANALYZER_NONNULL = YES;
				CLANG_ANALYZER_NUMBER_OBJECT_CONVERSION = YES_AGGRESSIVE;
				CLANG_CXX_LANGUAGE_STANDARD = "gnu++14";
				CLANG_CXX_LIBRARY = "libc++";
				CLANG_ENABLE_MODULES = YES;
				CLANG_ENABLE_OBJC_ARC = YES;
				CLANG_WARN_BLOCK_CAPTURE_AUTORELEASING = YES;
				CLANG_WARN_BOOL_CONVERSION = YES;
				CLANG_WARN_COMMA = YES;
				CLANG_WARN_CONSTANT_CONVERSION = YES;
				CLANG_WARN_DIRECT_OBJC_ISA_USAGE = YES_ERROR;
				CLANG_WARN_DOCUMENTATION_COMMENTS = YES;
				CLANG_WARN_EMPTY_BODY = YES;
				CLANG_WARN_ENUM_CONVERSION = YES;
				CLANG_WARN_INFINITE_RECURSION = YES;
				CLANG_WARN_INT_CONVERSION = YES;
				CLANG_WARN_NON_LITERAL_NULL_CONVERSION = YES;
				CLANG_WARN_OBJC_LITERAL_CONVERSION = YES;
				CLANG_WARN_OBJC_ROOT_CLASS = YES_ERROR;
				CLANG_WARN_RANGE_LOOP_ANALYSIS = YES;
				CLANG_WARN_STRICT_PROTOTYPES = YES;
				CLANG_WARN_SUSPICIOUS_MOVE = YES;
				CLANG_WARN_UNGUARDED_AVAILABILITY = YES_AGGRESSIVE;
				CLANG_WARN_UNREACHABLE_CODE = YES;
				CLANG_WARN__DUPLICATE_METHOD_MATCH = YES;
				CODE_SIGN_IDENTITY = "-";
				COPY_PHASE_STRIP = NO;
				DEBUG_INFORMATION_FORMAT = "dwarf-with-dsym";
				ENABLE_NS_ASSERTIONS = NO;
				ENABLE_STRICT_OBJC_MSGSEND = YES;
				GCC_C_LANGUAGE_STANDARD = gnu11;
				GCC_NO_COMMON_BLOCKS = YES;
				GCC_WARN_64_TO_32_BIT_CONVERSION = YES;
				GCC_WARN_ABOUT_RETURN_TYPE = YES_ERROR;
				GCC_WARN_UNDECLARED_SELECTOR = YES;
				GCC_WARN_UNINITIALIZED_AUTOS = YES_AGGRESSIVE;
				GCC_WARN_UNUSED_FUNCTION = YES;
				GCC_WARN_UNUSED_VARIABLE = YES;
				MACOSX_DEPLOYMENT_TARGET = 10.13;
				MTL_ENABLE_DEBUG_INFO = NO;
				SDKROOT = macosx;
			};
			name = Release;
		};
		DAB27FA320DA5A4B006A4866 /* Debug */ = {
			isa = XCBuildConfiguration;
			buildSettings = {
				CODE_SIGN_STYLE = Automatic;
				PRODUCT_NAME = "$(TARGET_NAME)";
			};
			name = Debug;
		};
		DAB27FA420DA5A4B006A4866 /* Release */ = {
			isa = XCBuildConfiguration;
			buildSettings = {
				CODE_SIGN_STYLE = Automatic;
				PRODUCT_NAME = "$(TARGET_NAME)";
			};
			name = Release;
		};
/* End XCBuildConfiguration section */

/* Begin XCConfigurationList section */
		DAB27F9620DA5A4B006A4866 /* Build configuration list for PBXProject "SimpleTxtGame01" */ = {
			isa = XCConfigurationList;
			buildConfigurations = (
				DAB27FA020DA5A4B006A4866 /* Debug */,
				DAB27FA120DA5A4B006A4866 /* Release */,
			);
			defaultConfigurationIsVisible = 0;
			defaultConfigurationName = Release;
		};
		DAB27FA220DA5A4B006A4866 /* Build configuration list for PBXNativeTarget "SimpleTxtGame01" */ = {
			isa = XCConfigurationList;
			buildConfigurations = (
				DAB27FA320DA5A4B006A4866 /* Debug */,
				DAB27FA420DA5A4B006A4866 /* Release */,
			);
			defaultConfigurationIsVisible = 0;
			defaultConfigurationName = Release;
		};
/* End XCConfigurationList section */
	};
	rootObject = DAB27F9320DA5A4B006A4866 /* Project object */;
}
